// !$*UTF8*$!
{
	archiveVersion = 1;
	classes = {
	};
	objectVersion = 56;
	objects = {

/* Begin PBXBuildFile section */
		FB2A77C52AD0B59F00CF0CD4 /* SecondViewController.swift in Sources */ = {isa = PBXBuildFile; fileRef = FB2A77C42AD0B59F00CF0CD4 /* SecondViewController.swift */; };
		FB3603492AC77C31007FC03F /* AppDelegate.swift in Sources */ = {isa = PBXBuildFile; fileRef = FB3603482AC77C31007FC03F /* AppDelegate.swift */; };
		FB36034B2AC77C31007FC03F /* SceneDelegate.swift in Sources */ = {isa = PBXBuildFile; fileRef = FB36034A2AC77C31007FC03F /* SceneDelegate.swift */; };
		FB36034D2AC77C31007FC03F /* ViewController.swift in Sources */ = {isa = PBXBuildFile; fileRef = FB36034C2AC77C31007FC03F /* ViewController.swift */; };
		FB3603502AC77C31007FC03F /* Main.storyboard in Resources */ = {isa = PBXBuildFile; fileRef = FB36034E2AC77C31007FC03F /* Main.storyboard */; };
		FB3603522AC77C32007FC03F /* Assets.xcassets in Resources */ = {isa = PBXBuildFile; fileRef = FB3603512AC77C32007FC03F /* Assets.xcassets */; };
		FB3603552AC77C32007FC03F /* LaunchScreen.storyboard in Resources */ = {isa = PBXBuildFile; fileRef = FB3603532AC77C32007FC03F /* LaunchScreen.storyboard */; };
		FB36035D2AC7848B007FC03F /* ViewController2.swift in Sources */ = {isa = PBXBuildFile; fileRef = FB36035C2AC7848B007FC03F /* ViewController2.swift */; };
		FBB24F4E2AD0B8F70095CEDF /* PetsTableViewCell.swift in Sources */ = {isa = PBXBuildFile; fileRef = FBB24F4D2AD0B8F70095CEDF /* PetsTableViewCell.swift */; };
		FBB24F502AD0BF3D0095CEDF /* Pet.swift in Sources */ = {isa = PBXBuildFile; fileRef = FBB24F4F2AD0BF3D0095CEDF /* Pet.swift */; };
/* End PBXBuildFile section */

/* Begin PBXFileReference section */
		FB2A77C42AD0B59F00CF0CD4 /* SecondViewController.swift */ = {isa = PBXFileReference; lastKnownFileType = sourcecode.swift; path = SecondViewController.swift; sourceTree = "<group>"; };
		FB3603452AC77C31007FC03F /* TablasSantisteban.app */ = {isa = PBXFileReference; explicitFileType = wrapper.application; includeInIndex = 0; path = TablasSantisteban.app; sourceTree = BUILT_PRODUCTS_DIR; };
		FB3603482AC77C31007FC03F /* AppDelegate.swift */ = {isa = PBXFileReference; lastKnownFileType = sourcecode.swift; path = AppDelegate.swift; sourceTree = "<group>"; };
		FB36034A2AC77C31007FC03F /* SceneDelegate.swift */ = {isa = PBXFileReference; lastKnownFileType = sourcecode.swift; path = SceneDelegate.swift; sourceTree = "<group>"; };
		FB36034C2AC77C31007FC03F /* ViewController.swift */ = {isa = PBXFileReference; lastKnownFileType = sourcecode.swift; path = ViewController.swift; sourceTree = "<group>"; };
		FB36034F2AC77C31007FC03F /* Base */ = {isa = PBXFileReference; lastKnownFileType = file.storyboard; name = Base; path = Base.lproj/Main.storyboard; sourceTree = "<group>"; };
		FB3603512AC77C32007FC03F /* Assets.xcassets */ = {isa = PBXFileReference; lastKnownFileType = folder.assetcatalog; path = Assets.xcassets; sourceTree = "<group>"; };
		FB3603542AC77C32007FC03F /* Base */ = {isa = PBXFileReference; lastKnownFileType = file.storyboard; name = Base; path = Base.lproj/LaunchScreen.storyboard; sourceTree = "<group>"; };
		FB3603562AC77C32007FC03F /* Info.plist */ = {isa = PBXFileReference; lastKnownFileType = text.plist.xml; path = Info.plist; sourceTree = "<group>"; };
		FB36035C2AC7848B007FC03F /* ViewController2.swift */ = {isa = PBXFileReference; lastKnownFileType = sourcecode.swift; path = ViewController2.swift; sourceTree = "<group>"; };
		FBB24F4D2AD0B8F70095CEDF /* PetsTableViewCell.swift */ = {isa = PBXFileReference; lastKnownFileType = sourcecode.swift; path = PetsTableViewCell.swift; sourceTree = "<group>"; };
		FBB24F4F2AD0BF3D0095CEDF /* Pet.swift */ = {isa = PBXFileReference; lastKnownFileType = sourcecode.swift; path = Pet.swift; sourceTree = "<group>"; };
/* End PBXFileReference section */

/* Begin PBXFrameworksBuildPhase section */
		FB3603422AC77C31007FC03F /* Frameworks */ = {
			isa = PBXFrameworksBuildPhase;
			buildActionMask = 2147483647;
			files = (
			);
			runOnlyForDeploymentPostprocessing = 0;
		};
/* End PBXFrameworksBuildPhase section */

/* Begin PBXGroup section */
		FB36033C2AC77C31007FC03F = {
			isa = PBXGroup;
			children = (
				FB3603472AC77C31007FC03F /* TablasSantisteban */,
				FB3603462AC77C31007FC03F /* Products */,
			);
			sourceTree = "<group>";
		};
		FB3603462AC77C31007FC03F /* Products */ = {
			isa = PBXGroup;
			children = (
				FB3603452AC77C31007FC03F /* TablasSantisteban.app */,
			);
			name = Products;
			sourceTree = "<group>";
		};
		FB3603472AC77C31007FC03F /* TablasSantisteban */ = {
			isa = PBXGroup;
			children = (
				FB3603482AC77C31007FC03F /* AppDelegate.swift */,
				FB36034A2AC77C31007FC03F /* SceneDelegate.swift */,
				FB36034C2AC77C31007FC03F /* ViewController.swift */,
				FB36034E2AC77C31007FC03F /* Main.storyboard */,
				FBB24F4D2AD0B8F70095CEDF /* PetsTableViewCell.swift */,
				FBB24F4F2AD0BF3D0095CEDF /* Pet.swift */,
				FB2A77C42AD0B59F00CF0CD4 /* SecondViewController.swift */,
				FB36035C2AC7848B007FC03F /* ViewController2.swift */,
				FB3603512AC77C32007FC03F /* Assets.xcassets */,
				FB3603532AC77C32007FC03F /* LaunchScreen.storyboard */,
				FB3603562AC77C32007FC03F /* Info.plist */,
			);
			path = TablasSantisteban;
			sourceTree = "<group>";
		};
/* End PBXGroup section */

/* Begin PBXNativeTarget section */
		FB3603442AC77C31007FC03F /* TablasSantisteban */ = {
			isa = PBXNativeTarget;
			buildConfigurationList = FB3603592AC77C32007FC03F /* Build configuration list for PBXNativeTarget "TablasSantisteban" */;
			buildPhases = (
				FB3603412AC77C31007FC03F /* Sources */,
				FB3603422AC77C31007FC03F /* Frameworks */,
				FB3603432AC77C31007FC03F /* Resources */,
			);
			buildRules = (
			);
			dependencies = (
			);
			name = TablasSantisteban;
			productName = TablasSantisteban;
			productReference = FB3603452AC77C31007FC03F /* TablasSantisteban.app */;
			productType = "com.apple.product-type.application";
		};
/* End PBXNativeTarget section */

/* Begin PBXProject section */
		FB36033D2AC77C31007FC03F /* Project object */ = {
			isa = PBXProject;
			attributes = {
				BuildIndependentTargetsInParallel = 1;
				LastSwiftUpdateCheck = 1430;
				LastUpgradeCheck = 1430;
				TargetAttributes = {
					FB3603442AC77C31007FC03F = {
						CreatedOnToolsVersion = 14.3;
					};
				};
			};
			buildConfigurationList = FB3603402AC77C31007FC03F /* Build configuration list for PBXProject "TablasSantisteban" */;
			compatibilityVersion = "Xcode 14.0";
			developmentRegion = en;
			hasScannedForEncodings = 0;
			knownRegions = (
				en,
				Base,
			);
			mainGroup = FB36033C2AC77C31007FC03F;
			productRefGroup = FB3603462AC77C31007FC03F /* Products */;
			projectDirPath = "";
			projectRoot = "";
			targets = (
				FB3603442AC77C31007FC03F /* TablasSantisteban */,
			);
		};
/* End PBXProject section */

/* Begin PBXResourcesBuildPhase section */
		FB3603432AC77C31007FC03F /* Resources */ = {
			isa = PBXResourcesBuildPhase;
			buildActionMask = 2147483647;
			files = (
				FB3603552AC77C32007FC03F /* LaunchScreen.storyboard in Resources */,
				FB3603522AC77C32007FC03F /* Assets.xcassets in Resources */,
				FB3603502AC77C31007FC03F /* Main.storyboard in Resources */,
			);
			runOnlyForDeploymentPostprocessing = 0;
		};
/* End PBXResourcesBuildPhase section */

/* Begin PBXSourcesBuildPhase section */
		FB3603412AC77C31007FC03F /* Sources */ = {
			isa = PBXSourcesBuildPhase;
			buildActionMask = 2147483647;
			files = (
				FBB24F502AD0BF3D0095CEDF /* Pet.swift in Sources */,
				FB36034D2AC77C31007FC03F /* ViewController.swift in Sources */,
				FB36035D2AC7848B007FC03F /* ViewController2.swift in Sources */,
				FB3603492AC77C31007FC03F /* AppDelegate.swift in Sources */,
				FB2A77C52AD0B59F00CF0CD4 /* SecondViewController.swift in Sources */,
				FB36034B2AC77C31007FC03F /* SceneDelegate.swift in Sources */,
				FBB24F4E2AD0B8F70095CEDF /* PetsTableViewCell.swift in Sources */,
			);
			runOnlyForDeploymentPostprocessing = 0;
		};
/* End PBXSourcesBuildPhase section */

/* Begin PBXVariantGroup section */
		FB36034E2AC77C31007FC03F /* Main.storyboard */ = {
			isa = PBXVariantGroup;
			children = (
				FB36034F2AC77C31007FC03F /* Base */,
			);
			name = Main.storyboard;
			sourceTree = "<group>";
		};
		FB3603532AC77C32007FC03F /* LaunchScreen.storyboard */ = {
			isa = PBXVariantGroup;
			children = (
				FB3603542AC77C32007FC03F /* Base */,
			);
			name = LaunchScreen.storyboard;
			sourceTree = "<group>";
		};
/* End PBXVariantGroup section */

/* Begin XCBuildConfiguration section */
		FB3603572AC77C32007FC03F /* Debug */ = {
			isa = XCBuildConfiguration;
			buildSettings = {
				ALWAYS_SEARCH_USER_PATHS = NO;
				CLANG_ANALYZER_NONNULL = YES;
				CLANG_ANALYZER_NUMBER_OBJECT_CONVERSION = YES_AGGRESSIVE;
				CLANG_CXX_LANGUAGE_STANDARD = "gnu++20";
				CLANG_ENABLE_MODULES = YES;
				CLANG_ENABLE_OBJC_ARC = YES;
				CLANG_ENABLE_OBJC_WEAK = YES;
				CLANG_WARN_BLOCK_CAPTURE_AUTORELEASING = YES;
				CLANG_WARN_BOOL_CONVERSION = YES;
				CLANG_WARN_COMMA = YES;
				CLANG_WARN_CONSTANT_CONVERSION = YES;
				CLANG_WARN_DEPRECATED_OBJC_IMPLEMENTATIONS = YES;
				CLANG_WARN_DIRECT_OBJC_ISA_USAGE = YES_ERROR;
				CLANG_WARN_DOCUMENTATION_COMMENTS = YES;
				CLANG_WARN_EMPTY_BODY = YES;
				CLANG_WARN_ENUM_CONVERSION = YES;
				CLANG_WARN_INFINITE_RECURSION = YES;
				CLANG_WARN_INT_CONVERSION = YES;
				CLANG_WARN_NON_LITERAL_NULL_CONVERSION = YES;
				CLANG_WARN_OBJC_IMPLICIT_RETAIN_SELF = YES;
				CLANG_WARN_OBJC_LITERAL_CONVERSION = YES;
				CLANG_WARN_OBJC_ROOT_CLASS = YES_ERROR;
				CLANG_WARN_QUOTED_INCLUDE_IN_FRAMEWORK_HEADER = YES;
				CLANG_WARN_RANGE_LOOP_ANALYSIS = YES;
				CLANG_WARN_STRICT_PROTOTYPES = YES;
				CLANG_WARN_SUSPICIOUS_MOVE = YES;
				CLANG_WARN_UNGUARDED_AVAILABILITY = YES_AGGRESSIVE;
				CLANG_WARN_UNREACHABLE_CODE = YES;
				CLANG_WARN__DUPLICATE_METHOD_MATCH = YES;
				COPY_PHASE_STRIP = NO;
				DEBUG_INFORMATION_FORMAT = dwarf;
				ENABLE_STRICT_OBJC_MSGSEND = YES;
				ENABLE_TESTABILITY = YES;
				GCC_C_LANGUAGE_STANDARD = gnu11;
				GCC_DYNAMIC_NO_PIC = NO;
				GCC_NO_COMMON_BLOCKS = YES;
				GCC_OPTIMIZATION_LEVEL = 0;
				GCC_PREPROCESSOR_DEFINITIONS = (
					"DEBUG=1",
					"$(inherited)",
				);
				GCC_WARN_64_TO_32_BIT_CONVERSION = YES;
				GCC_WARN_ABOUT_RETURN_TYPE = YES_ERROR;
				GCC_WARN_UNDECLARED_SELECTOR = YES;
				GCC_WARN_UNINITIALIZED_AUTOS = YES_AGGRESSIVE;
				GCC_WARN_UNUSED_FUNCTION = YES;
				GCC_WARN_UNUSED_VARIABLE = YES;
				IPHONEOS_DEPLOYMENT_TARGET = 16.4;
				MTL_ENABLE_DEBUG_INFO = INCLUDE_SOURCE;
				MTL_FAST_MATH = YES;
				ONLY_ACTIVE_ARCH = YES;
				SDKROOT = iphoneos;
				SWIFT_ACTIVE_COMPILATION_CONDITIONS = DEBUG;
				SWIFT_OPTIMIZATION_LEVEL = "-Onone";
			};
			name = Debug;
		};
		FB3603582AC77C32007FC03F /* Release */ = {
			isa = XCBuildConfiguration;
			buildSettings = {
				ALWAYS_SEARCH_USER_PATHS = NO;
				CLANG_ANALYZER_NONNULL = YES;
				CLANG_ANALYZER_NUMBER_OBJECT_CONVERSION = YES_AGGRESSIVE;
				CLANG_CXX_LANGUAGE_STANDARD = "gnu++20";
				CLANG_ENABLE_MODULES = YES;
				CLANG_ENABLE_OBJC_ARC = YES;
				CLANG_ENABLE_OBJC_WEAK = YES;
				CLANG_WARN_BLOCK_CAPTURE_AUTORELEASING = YES;
				CLANG_WARN_BOOL_CONVERSION = YES;
				CLANG_WARN_COMMA = YES;
				CLANG_WARN_CONSTANT_CONVERSION = YES;
				CLANG_WARN_DEPRECATED_OBJC_IMPLEMENTATIONS = YES;
				CLANG_WARN_DIRECT_OBJC_ISA_USAGE = YES_ERROR;
				CLANG_WARN_DOCUMENTATION_COMMENTS = YES;
				CLANG_WARN_EMPTY_BODY = YES;
				CLANG_WARN_ENUM_CONVERSION = YES;
				CLANG_WARN_INFINITE_RECURSION = YES;
				CLANG_WARN_INT_CONVERSION = YES;
				CLANG_WARN_NON_LITERAL_NULL_CONVERSION = YES;
				CLANG_WARN_OBJC_IMPLICIT_RETAIN_SELF = YES;
				CLANG_WARN_OBJC_LITERAL_CONVERSION = YES;
				CLANG_WARN_OBJC_ROOT_CLASS = YES_ERROR;
				CLANG_WARN_QUOTED_INCLUDE_IN_FRAMEWORK_HEADER = YES;
				CLANG_WARN_RANGE_LOOP_ANALYSIS = YES;
				CLANG_WARN_STRICT_PROTOTYPES = YES;
				CLANG_WARN_SUSPICIOUS_MOVE = YES;
				CLANG_WARN_UNGUARDED_AVAILABILITY = YES_AGGRESSIVE;
				CLANG_WARN_UNREACHABLE_CODE = YES;
				CLANG_WARN__DUPLICATE_METHOD_MATCH = YES;
				COPY_PHASE_STRIP = NO;
				DEBUG_INFORMATION_FORMAT = "dwarf-with-dsym";
				ENABLE_NS_ASSERTIONS = NO;
				ENABLE_STRICT_OBJC_MSGSEND = YES;
				GCC_C_LANGUAGE_STANDARD = gnu11;
				GCC_NO_COMMON_BLOCKS = YES;
				GCC_WARN_64_TO_32_BIT_CONVERSION = YES;
				GCC_WARN_ABOUT_RETURN_TYPE = YES_ERROR;
				GCC_WARN_UNDECLARED_SELECTOR = YES;
				GCC_WARN_UNINITIALIZED_AUTOS = YES_AGGRESSIVE;
				GCC_WARN_UNUSED_FUNCTION = YES;
				GCC_WARN_UNUSED_VARIABLE = YES;
				IPHONEOS_DEPLOYMENT_TARGET = 16.4;
				MTL_ENABLE_DEBUG_INFO = NO;
				MTL_FAST_MATH = YES;
				SDKROOT = iphoneos;
				SWIFT_COMPILATION_MODE = wholemodule;
				SWIFT_OPTIMIZATION_LEVEL = "-O";
				VALIDATE_PRODUCT = YES;
			};
			name = Release;
		};
		FB36035A2AC77C32007FC03F /* Debug */ = {
			isa = XCBuildConfiguration;
			buildSettings = {
				ASSETCATALOG_COMPILER_APPICON_NAME = AppIcon;
				ASSETCATALOG_COMPILER_GLOBAL_ACCENT_COLOR_NAME = AccentColor;
				CODE_SIGN_STYLE = Automatic;
				CURRENT_PROJECT_VERSION = 1;
				GENERATE_INFOPLIST_FILE = YES;
				INFOPLIST_FILE = TablasSantisteban/Info.plist;
				INFOPLIST_KEY_UIApplicationSupportsIndirectInputEvents = YES;
				INFOPLIST_KEY_UILaunchStoryboardName = LaunchScreen;
				INFOPLIST_KEY_UIMainStoryboardFile = Main;
				INFOPLIST_KEY_UISupportedInterfaceOrientations_iPad = "UIInterfaceOrientationPortrait UIInterfaceOrientationPortraitUpsideDown UIInterfaceOrientationLandscapeLeft UIInterfaceOrientationLandscapeRight";
				INFOPLIST_KEY_UISupportedInterfaceOrientations_iPhone = "UIInterfaceOrientationPortrait UIInterfaceOrientationLandscapeLeft UIInterfaceOrientationLandscapeRight";
				LD_RUNPATH_SEARCH_PATHS = (
					"$(inherited)",
					"@executable_path/Frameworks",
				);
				MARKETING_VERSION = 1.0;
				PRODUCT_BUNDLE_IDENTIFIER = Lab04.TablasSantisteban;
				PRODUCT_NAME = "$(TARGET_NAME)";
				SWIFT_EMIT_LOC_STRINGS = YES;
				SWIFT_VERSION = 5.0;
				TARGETED_DEVICE_FAMILY = "1,2";
			};
			name = Debug;
		};
		FB36035B2AC77C32007FC03F /* Release */ = {
			isa = XCBuildConfiguration;
			buildSettings = {
				ASSETCATALOG_COMPILER_APPICON_NAME = AppIcon;
				ASSETCATALOG_COMPILER_GLOBAL_ACCENT_COLOR_NAME = AccentColor;
				CODE_SIGN_STYLE = Automatic;
				CURRENT_PROJECT_VERSION = 1;
				GENERATE_INFOPLIST_FILE = YES;
				INFOPLIST_FILE = TablasSantisteban/Info.plist;
				INFOPLIST_KEY_UIApplicationSupportsIndirectInputEvents = YES;
				INFOPLIST_KEY_UILaunchStoryboardName = LaunchScreen;
				INFOPLIST_KEY_UIMainStoryboardFile = Main;
				INFOPLIST_KEY_UISupportedInterfaceOrientations_iPad = "UIInterfaceOrientationPortrait UIInterfaceOrientationPortraitUpsideDown UIInterfaceOrientationLandscapeLeft UIInterfaceOrientationLandscapeRight";
				INFOPLIST_KEY_UISupportedInterfaceOrientations_iPhone = "UIInterfaceOrientationPortrait UIInterfaceOrientationLandscapeLeft UIInterfaceOrientationLandscapeRight";
				LD_RUNPATH_SEARCH_PATHS = (
					"$(inherited)",
					"@executable_path/Frameworks",
				);
				MARKETING_VERSION = 1.0;
				PRODUCT_BUNDLE_IDENTIFIER = Lab04.TablasSantisteban;
				PRODUCT_NAME = "$(TARGET_NAME)";
				SWIFT_EMIT_LOC_STRINGS = YES;
				SWIFT_VERSION = 5.0;
				TARGETED_DEVICE_FAMILY = "1,2";
			};
			name = Release;
		};
/* End XCBuildConfiguration section */

/* Begin XCConfigurationList section */
		FB3603402AC77C31007FC03F /* Build configuration list for PBXProject "TablasSantisteban" */ = {
			isa = XCConfigurationList;
			buildConfigurations = (
				FB3603572AC77C32007FC03F /* Debug */,
				FB3603582AC77C32007FC03F /* Release */,
			);
			defaultConfigurationIsVisible = 0;
			defaultConfigurationName = Release;
		};
		FB3603592AC77C32007FC03F /* Build configuration list for PBXNativeTarget "TablasSantisteban" */ = {
			isa = XCConfigurationList;
			buildConfigurations = (
				FB36035A2AC77C32007FC03F /* Debug */,
				FB36035B2AC77C32007FC03F /* Release */,
			);
			defaultConfigurationIsVisible = 0;
			defaultConfigurationName = Release;
		};
/* End XCConfigurationList section */
	};
	rootObject = FB36033D2AC77C31007FC03F /* Project object */;
}
